// !$*UTF8*$!
{
	archiveVersion = 1;
	classes = {
	};
	objectVersion = 50;
	objects = {

/* Begin PBXBuildFile section */
		B3F9EBCC265CCDB20078BAC2 /* AppDelegate.swift in Sources */ = {isa = PBXBuildFile; fileRef = B3F9EBCB265CCDB20078BAC2 /* AppDelegate.swift */; };
		B3F9EBCE265CCDB20078BAC2 /* SceneDelegate.swift in Sources */ = {isa = PBXBuildFile; fileRef = B3F9EBCD265CCDB20078BAC2 /* SceneDelegate.swift */; };
		B3F9EBD0265CCDB20078BAC2 /* ViewController.swift in Sources */ = {isa = PBXBuildFile; fileRef = B3F9EBCF265CCDB20078BAC2 /* ViewController.swift */; };
		B3F9EBD3265CCDB20078BAC2 /* Main.storyboard in Resources */ = {isa = PBXBuildFile; fileRef = B3F9EBD1265CCDB20078BAC2 /* Main.storyboard */; };
		B3F9EBD5265CCDB40078BAC2 /* Assets.xcassets in Resources */ = {isa = PBXBuildFile; fileRef = B3F9EBD4265CCDB40078BAC2 /* Assets.xcassets */; };
		B3F9EBD8265CCDB40078BAC2 /* LaunchScreen.storyboard in Resources */ = {isa = PBXBuildFile; fileRef = B3F9EBD6265CCDB40078BAC2 /* LaunchScreen.storyboard */; };
/* End PBXBuildFile section */

/* Begin PBXFileReference section */
		B3F9EBC8265CCDB20078BAC2 /* Auto Layout Calculator.app */ = {isa = PBXFileReference; explicitFileType = wrapper.application; includeInIndex = 0; path = "Auto Layout Calculator.app"; sourceTree = BUILT_PRODUCTS_DIR; };
		B3F9EBCB265CCDB20078BAC2 /* AppDelegate.swift */ = {isa = PBXFileReference; lastKnownFileType = sourcecode.swift; path = AppDelegate.swift; sourceTree = "<group>"; };
		B3F9EBCD265CCDB20078BAC2 /* SceneDelegate.swift */ = {isa = PBXFileReference; lastKnownFileType = sourcecode.swift; path = SceneDelegate.swift; sourceTree = "<group>"; };
		B3F9EBCF265CCDB20078BAC2 /* ViewController.swift */ = {isa = PBXFileReference; lastKnownFileType = sourcecode.swift; path = ViewController.swift; sourceTree = "<group>"; };
		B3F9EBD2265CCDB20078BAC2 /* Base */ = {isa = PBXFileReference; lastKnownFileType = file.storyboard; name = Base; path = Base.lproj/Main.storyboard; sourceTree = "<group>"; };
		B3F9EBD4265CCDB40078BAC2 /* Assets.xcassets */ = {isa = PBXFileReference; lastKnownFileType = folder.assetcatalog; path = Assets.xcassets; sourceTree = "<group>"; };
		B3F9EBD7265CCDB40078BAC2 /* Base */ = {isa = PBXFileReference; lastKnownFileType = file.storyboard; name = Base; path = Base.lproj/LaunchScreen.storyboard; sourceTree = "<group>"; };
		B3F9EBD9265CCDB40078BAC2 /* Info.plist */ = {isa = PBXFileReference; lastKnownFileType = text.plist.xml; path = Info.plist; sourceTree = "<group>"; };
/* End PBXFileReference section */

/* Begin PBXFrameworksBuildPhase section */
		B3F9EBC5265CCDB20078BAC2 /* Frameworks */ = {
			isa = PBXFrameworksBuildPhase;
			buildActionMask = 2147483647;
			files = (
			);
			runOnlyForDeploymentPostprocessing = 0;
		};
/* End PBXFrameworksBuildPhase section */

/* Begin PBXGroup section */
		B3F9EBBF265CCDB20078BAC2 = {
			isa = PBXGroup;
			children = (
				B3F9EBCA265CCDB20078BAC2 /* Auto Layout Calculator */,
				B3F9EBC9265CCDB20078BAC2 /* Products */,
			);
			sourceTree = "<group>";
		};
		B3F9EBC9265CCDB20078BAC2 /* Products */ = {
			isa = PBXGroup;
			children = (
				B3F9EBC8265CCDB20078BAC2 /* Auto Layout Calculator.app */,
			);
			name = Products;
			sourceTree = "<group>";
		};
		B3F9EBCA265CCDB20078BAC2 /* Auto Layout Calculator */ = {
			isa = PBXGroup;
			children = (
				B3F9EBCB265CCDB20078BAC2 /* AppDelegate.swift */,
				B3F9EBCD265CCDB20078BAC2 /* SceneDelegate.swift */,
				B3F9EBCF265CCDB20078BAC2 /* ViewController.swift */,
				B3F9EBD1265CCDB20078BAC2 /* Main.storyboard */,
				B3F9EBD4265CCDB40078BAC2 /* Assets.xcassets */,
				B3F9EBD6265CCDB40078BAC2 /* LaunchScreen.storyboard */,
				B3F9EBD9265CCDB40078BAC2 /* Info.plist */,
			);
			path = "Auto Layout Calculator";
			sourceTree = "<group>";
		};
/* End PBXGroup section */

/* Begin PBXNativeTarget section */
		B3F9EBC7265CCDB20078BAC2 /* Auto Layout Calculator */ = {
			isa = PBXNativeTarget;
			buildConfigurationList = B3F9EBDC265CCDB40078BAC2 /* Build configuration list for PBXNativeTarget "Auto Layout Calculator" */;
			buildPhases = (
				B3F9EBC4265CCDB20078BAC2 /* Sources */,
				B3F9EBC5265CCDB20078BAC2 /* Frameworks */,
				B3F9EBC6265CCDB20078BAC2 /* Resources */,
			);
			buildRules = (
			);
			dependencies = (
			);
			name = "Auto Layout Calculator";
			productName = "Auto Layout Calculator";
			productReference = B3F9EBC8265CCDB20078BAC2 /* Auto Layout Calculator.app */;
			productType = "com.apple.product-type.application";
		};
/* End PBXNativeTarget section */

/* Begin PBXProject section */
		B3F9EBC0265CCDB20078BAC2 /* Project object */ = {
			isa = PBXProject;
			attributes = {
				LastSwiftUpdateCheck = 1250;
				LastUpgradeCheck = 1250;
				TargetAttributes = {
					B3F9EBC7265CCDB20078BAC2 = {
						CreatedOnToolsVersion = 12.5;
					};
				};
			};
			buildConfigurationList = B3F9EBC3265CCDB20078BAC2 /* Build configuration list for PBXProject "Auto Layout Calculator" */;
			compatibilityVersion = "Xcode 9.3";
			developmentRegion = en;
			hasScannedForEncodings = 0;
			knownRegions = (
				en,
				Base,
			);
			mainGroup = B3F9EBBF265CCDB20078BAC2;
			productRefGroup = B3F9EBC9265CCDB20078BAC2 /* Products */;
			projectDirPath = "";
			projectRoot = "";
			targets = (
				B3F9EBC7265CCDB20078BAC2 /* Auto Layout Calculator */,
			);
		};
/* End PBXProject section */

/* Begin PBXResourcesBuildPhase section */
		B3F9EBC6265CCDB20078BAC2 /* Resources */ = {
			isa = PBXResourcesBuildPhase;
			buildActionMask = 2147483647;
			files = (
				B3F9EBD8265CCDB40078BAC2 /* LaunchScreen.storyboard in Resources */,
				B3F9EBD5265CCDB40078BAC2 /* Assets.xcassets in Resources */,
				B3F9EBD3265CCDB20078BAC2 /* Main.storyboard in Resources */,
			);
			runOnlyForDeploymentPostprocessing = 0;
		};
/* End PBXResourcesBuildPhase section */

/* Begin PBXSourcesBuildPhase section */
		B3F9EBC4265CCDB20078BAC2 /* Sources */ = {
			isa = PBXSourcesBuildPhase;
			buildActionMask = 2147483647;
			files = (
				B3F9EBD0265CCDB20078BAC2 /* ViewController.swift in Sources */,
				B3F9EBCC265CCDB20078BAC2 /* AppDelegate.swift in Sources */,
				B3F9EBCE265CCDB20078BAC2 /* SceneDelegate.swift in Sources */,
			);
			runOnlyForDeploymentPostprocessing = 0;
		};
/* End PBXSourcesBuildPhase section */

/* Begin PBXVariantGroup section */
		B3F9EBD1265CCDB20078BAC2 /* Main.storyboard */ = {
			isa = PBXVariantGroup;
			children = (
				B3F9EBD2265CCDB20078BAC2 /* Base */,
			);
			name = Main.storyboard;
			sourceTree = "<group>";
		};
		B3F9EBD6265CCDB40078BAC2 /* LaunchScreen.storyboard */ = {
			isa = PBXVariantGroup;
			children = (
				B3F9EBD7265CCDB40078BAC2 /* Base */,
			);
			name = LaunchScreen.storyboard;
			sourceTree = "<group>";
		};
/* End PBXVariantGroup section */

/* Begin XCBuildConfiguration section */
		B3F9EBDA265CCDB40078BAC2 /* Debug */ = {
			isa = XCBuildConfiguration;
			buildSettings = {
				ALWAYS_SEARCH_USER_PATHS = NO;
				CLANG_ANALYZER_NONNULL = YES;
				CLANG_ANALYZER_NUMBER_OBJECT_CONVERSION = YES_AGGRESSIVE;
				CLANG_CXX_LANGUAGE_STANDARD = "gnu++14";
				CLANG_CXX_LIBRARY = "libc++";
				CLANG_ENABLE_MODULES = YES;
				CLANG_ENABLE_OBJC_ARC = YES;
				CLANG_ENABLE_OBJC_WEAK = YES;
				CLANG_WARN_BLOCK_CAPTURE_AUTORELEASING = YES;
				CLANG_WARN_BOOL_CONVERSION = YES;
				CLANG_WARN_COMMA = YES;
				CLANG_WARN_CONSTANT_CONVERSION = YES;
				CLANG_WARN_DEPRECATED_OBJC_IMPLEMENTATIONS = YES;
				CLANG_WARN_DIRECT_OBJC_ISA_USAGE = YES_ERROR;
				CLANG_WARN_DOCUMENTATION_COMMENTS = YES;
				CLANG_WARN_EMPTY_BODY = YES;
				CLANG_WARN_ENUM_CONVERSION = YES;
				CLANG_WARN_INFINITE_RECURSION = YES;
				CLANG_WARN_INT_CONVERSION = YES;
				CLANG_WARN_NON_LITERAL_NULL_CONVERSION = YES;
				CLANG_WARN_OBJC_IMPLICIT_RETAIN_SELF = YES;
				CLANG_WARN_OBJC_LITERAL_CONVERSION = YES;
				CLANG_WARN_OBJC_ROOT_CLASS = YES_ERROR;
				CLANG_WARN_QUOTED_INCLUDE_IN_FRAMEWORK_HEADER = YES;
				CLANG_WARN_RANGE_LOOP_ANALYSIS = YES;
				CLANG_WARN_STRICT_PROTOTYPES = YES;
				CLANG_WARN_SUSPICIOUS_MOVE = YES;
				CLANG_WARN_UNGUARDED_AVAILABILITY = YES_AGGRESSIVE;
				CLANG_WARN_UNREACHABLE_CODE = YES;
				CLANG_WARN__DUPLICATE_METHOD_MATCH = YES;
				COPY_PHASE_STRIP = NO;
				DEBUG_INFORMATION_FORMAT = dwarf;
				ENABLE_STRICT_OBJC_MSGSEND = YES;
				ENABLE_TESTABILITY = YES;
				GCC_C_LANGUAGE_STANDARD = gnu11;
				GCC_DYNAMIC_NO_PIC = NO;
				GCC_NO_COMMON_BLOCKS = YES;
				GCC_OPTIMIZATION_LEVEL = 0;
				GCC_PREPROCESSOR_DEFINITIONS = (
					"DEBUG=1",
					"$(inherited)",
				);
				GCC_WARN_64_TO_32_BIT_CONVERSION = YES;
				GCC_WARN_ABOUT_RETURN_TYPE = YES_ERROR;
				GCC_WARN_UNDECLARED_SELECTOR = YES;
				GCC_WARN_UNINITIALIZED_AUTOS = YES_AGGRESSIVE;
				GCC_WARN_UNUSED_FUNCTION = YES;
				GCC_WARN_UNUSED_VARIABLE = YES;
				IPHONEOS_DEPLOYMENT_TARGET = 14.5;
				MTL_ENABLE_DEBUG_INFO = INCLUDE_SOURCE;
				MTL_FAST_MATH = YES;
				ONLY_ACTIVE_ARCH = YES;
				SDKROOT = iphoneos;
				SWIFT_ACTIVE_COMPILATION_CONDITIONS = DEBUG;
				SWIFT_OPTIMIZATION_LEVEL = "-Onone";
			};
			name = Debug;
		};
		B3F9EBDB265CCDB40078BAC2 /* Release */ = {
			isa = XCBuildConfiguration;
			buildSettings = {
				ALWAYS_SEARCH_USER_PATHS = NO;
				CLANG_ANALYZER_NONNULL = YES;
				CLANG_ANALYZER_NUMBER_OBJECT_CONVERSION = YES_AGGRESSIVE;
				CLANG_CXX_LANGUAGE_STANDARD = "gnu++14";
				CLANG_CXX_LIBRARY = "libc++";
				CLANG_ENABLE_MODULES = YES;
				CLANG_ENABLE_OBJC_ARC = YES;
				CLANG_ENABLE_OBJC_WEAK = YES;
				CLANG_WARN_BLOCK_CAPTURE_AUTORELEASING = YES;
				CLANG_WARN_BOOL_CONVERSION = YES;
				CLANG_WARN_COMMA = YES;
				CLANG_WARN_CONSTANT_CONVERSION = YES;
				CLANG_WARN_DEPRECATED_OBJC_IMPLEMENTATIONS = YES;
				CLANG_WARN_DIRECT_OBJC_ISA_USAGE = YES_ERROR;
				CLANG_WARN_DOCUMENTATION_COMMENTS = YES;
				CLANG_WARN_EMPTY_BODY = YES;
				CLANG_WARN_ENUM_CONVERSION = YES;
				CLANG_WARN_INFINITE_RECURSION = YES;
				CLANG_WARN_INT_CONVERSION = YES;
				CLANG_WARN_NON_LITERAL_NULL_CONVERSION = YES;
				CLANG_WARN_OBJC_IMPLICIT_RETAIN_SELF = YES;
				CLANG_WARN_OBJC_LITERAL_CONVERSION = YES;
				CLANG_WARN_OBJC_ROOT_CLASS = YES_ERROR;
				CLANG_WARN_QUOTED_INCLUDE_IN_FRAMEWORK_HEADER = YES;
				CLANG_WARN_RANGE_LOOP_ANALYSIS = YES;
				CLANG_WARN_STRICT_PROTOTYPES = YES;
				CLANG_WARN_SUSPICIOUS_MOVE = YES;
				CLANG_WARN_UNGUARDED_AVAILABILITY = YES_AGGRESSIVE;
				CLANG_WARN_UNREACHABLE_CODE = YES;
				CLANG_WARN__DUPLICATE_METHOD_MATCH = YES;
				COPY_PHASE_STRIP = NO;
				DEBUG_INFORMATION_FORMAT = "dwarf-with-dsym";
				ENABLE_NS_ASSERTIONS = NO;
				ENABLE_STRICT_OBJC_MSGSEND = YES;
				GCC_C_LANGUAGE_STANDARD = gnu11;
				GCC_NO_COMMON_BLOCKS = YES;
				GCC_WARN_64_TO_32_BIT_CONVERSION = YES;
				GCC_WARN_ABOUT_RETURN_TYPE = YES_ERROR;
				GCC_WARN_UNDECLARED_SELECTOR = YES;
				GCC_WARN_UNINITIALIZED_AUTOS = YES_AGGRESSIVE;
				GCC_WARN_UNUSED_FUNCTION = YES;
				GCC_WARN_UNUSED_VARIABLE = YES;
				IPHONEOS_DEPLOYMENT_TARGET = 14.5;
				MTL_ENABLE_DEBUG_INFO = NO;
				MTL_FAST_MATH = YES;
				SDKROOT = iphoneos;
				SWIFT_COMPILATION_MODE = wholemodule;
				SWIFT_OPTIMIZATION_LEVEL = "-O";
				VALIDATE_PRODUCT = YES;
			};
			name = Release;
		};
		B3F9EBDD265CCDB40078BAC2 /* Debug */ = {
			isa = XCBuildConfiguration;
			buildSettings = {
				ASSETCATALOG_COMPILER_APPICON_NAME = AppIcon;
				ASSETCATALOG_COMPILER_GLOBAL_ACCENT_COLOR_NAME = AccentColor;
				CODE_SIGN_STYLE = Automatic;
				DEVELOPMENT_TEAM = H6682SAJ6U;
				INFOPLIST_FILE = "Auto Layout Calculator/Info.plist";
				LD_RUNPATH_SEARCH_PATHS = (
					"$(inherited)",
					"@executable_path/Frameworks",
				);
				PRODUCT_BUNDLE_IDENTIFIER = "com.stalwart.Auto-Layout-Calculator";
				PRODUCT_NAME = "$(TARGET_NAME)";
				SWIFT_VERSION = 5.0;
				TARGETED_DEVICE_FAMILY = 1;
			};
			name = Debug;
		};
		B3F9EBDE265CCDB40078BAC2 /* Release */ = {
			isa = XCBuildConfiguration;
			buildSettings = {
				ASSETCATALOG_COMPILER_APPICON_NAME = AppIcon;
				ASSETCATALOG_COMPILER_GLOBAL_ACCENT_COLOR_NAME = AccentColor;
				CODE_SIGN_STYLE = Automatic;
				DEVELOPMENT_TEAM = H6682SAJ6U;
				INFOPLIST_FILE = "Auto Layout Calculator/Info.plist";
				LD_RUNPATH_SEARCH_PATHS = (
					"$(inherited)",
					"@executable_path/Frameworks",
				);
				PRODUCT_BUNDLE_IDENTIFIER = "com.stalwart.Auto-Layout-Calculator";
				PRODUCT_NAME = "$(TARGET_NAME)";
				SWIFT_VERSION = 5.0;
				TARGETED_DEVICE_FAMILY = 1;
			};
			name = Release;
		};
/* End XCBuildConfiguration section */

/* Begin XCConfigurationList section */
		B3F9EBC3265CCDB20078BAC2 /* Build configuration list for PBXProject "Auto Layout Calculator" */ = {
			isa = XCConfigurationList;
			buildConfigurations = (
				B3F9EBDA265CCDB40078BAC2 /* Debug */,
				B3F9EBDB265CCDB40078BAC2 /* Release */,
			);
			defaultConfigurationIsVisible = 0;
			defaultConfigurationName = Release;
		};
		B3F9EBDC265CCDB40078BAC2 /* Build configuration list for PBXNativeTarget "Auto Layout Calculator" */ = {
			isa = XCConfigurationList;
			buildConfigurations = (
				B3F9EBDD265CCDB40078BAC2 /* Debug */,
				B3F9EBDE265CCDB40078BAC2 /* Release */,
			);
			defaultConfigurationIsVisible = 0;
			defaultConfigurationName = Release;
		};
/* End XCConfigurationList section */
	};
	rootObject = B3F9EBC0265CCDB20078BAC2 /* Project object */;
}
